<Project xmlns="http://schemas.microsoft.com/developer/msbuild/2003">
    <PropertyGroup>
        <ProjectGuid>{4B62BD28-C1E9-44A5-B38E-5043CE338D54}</ProjectGuid>
        <ProjectVersion>15.4</ProjectVersion>
        <FrameworkType>VCL</FrameworkType>
        <MainSource>UnfoldingOfGoodsServerTest.dpr</MainSource>
        <Base>True</Base>
        <Config Condition="'$(Config)'==''">Debug</Config>
        <Platform Condition="'$(Platform)'==''">Win32</Platform>
        <TargetedPlatforms>1</TargetedPlatforms>
        <AppType>Application</AppType>
    </PropertyGroup>
    <PropertyGroup Condition="'$(Config)'=='Base' or '$(Base)'!=''">
        <Base>true</Base>
    </PropertyGroup>
    <PropertyGroup Condition="('$(Platform)'=='Win32' and '$(Base)'=='true') or '$(Base_Win32)'!=''">
        <Base_Win32>true</Base_Win32>
        <CfgParent>Base</CfgParent>
        <Base>true</Base>
    </PropertyGroup>
    <PropertyGroup Condition="('$(Platform)'=='Win64' and '$(Base)'=='true') or '$(Base_Win64)'!=''">
        <Base_Win64>true</Base_Win64>
        <CfgParent>Base</CfgParent>
        <Base>true</Base>
    </PropertyGroup>
    <PropertyGroup Condition="'$(Config)'=='Debug' or '$(Cfg_1)'!=''">
        <Cfg_1>true</Cfg_1>
        <CfgParent>Base</CfgParent>
        <Base>true</Base>
    </PropertyGroup>
    <PropertyGroup Condition="('$(Platform)'=='Win32' and '$(Cfg_1)'=='true') or '$(Cfg_1_Win32)'!=''">
        <Cfg_1_Win32>true</Cfg_1_Win32>
        <CfgParent>Cfg_1</CfgParent>
        <Cfg_1>true</Cfg_1>
        <Base>true</Base>
    </PropertyGroup>
    <PropertyGroup Condition="'$(Config)'=='Release' or '$(Cfg_2)'!=''">
        <Cfg_2>true</Cfg_2>
        <CfgParent>Base</CfgParent>
        <Base>true</Base>
    </PropertyGroup>
    <PropertyGroup Condition="('$(Platform)'=='Win32' and '$(Cfg_2)'=='true') or '$(Cfg_2_Win32)'!=''">
        <Cfg_2_Win32>true</Cfg_2_Win32>
        <CfgParent>Cfg_2</CfgParent>
        <Cfg_2>true</Cfg_2>
        <Base>true</Base>
    </PropertyGroup>
    <PropertyGroup Condition="'$(Base)'!=''">
        <Icon_MainIcon>$(BDS)\bin\delphi_PROJECTICON.ico</Icon_MainIcon>
        <SanitizedProjectName>UnfoldingOfGoodsServerTest</SanitizedProjectName>
        <DCC_Namespace>System;Xml;Data;Datasnap;Web;Soap;Vcl;Vcl.Imaging;Vcl.Touch;Vcl.Samples;Vcl.Shell;$(DCC_Namespace)</DCC_Namespace>
        <DCC_DcuOutput>.\$(Platform)\$(Config)</DCC_DcuOutput>
        <DCC_ExeOutput>.\$(Platform)\$(Config)</DCC_ExeOutput>
        <DCC_E>false</DCC_E>
        <DCC_N>false</DCC_N>
        <DCC_S>false</DCC_S>
        <DCC_F>false</DCC_F>
        <DCC_K>false</DCC_K>
    </PropertyGroup>
    <PropertyGroup Condition="'$(Base_Win32)'!=''">
        <VerInfo_Keys>CompanyName=;FileDescription=;FileVersion=1.0.0.0;InternalName=;LegalCopyright=;LegalTrademarks=;OriginalFilename=;ProductName=;ProductVersion=1.0.0.0;Comments=</VerInfo_Keys>
        <DCC_UsePackage>cxSchedulerTreeBrowserRS20;dxSkinOffice2007SilverRS20;cxGridRS20;dxPSdxLCLnkRS20;dxFireDACServerModeRS20;dxPScxExtCommonRS20;cxPageControlRS20;dxPSdxSpreadSheetLnkRS20;FireDACPgDriver;DBXInterBaseDriver;DataSnapServer;DataSnapCommon;MDM.Package.Components;dxSkinsdxBarPainterRS20;dxSkinSharpRS20;ERP.Package.Components;DbxCommonDriver;dxLayoutControlRS20;vclimg;dxSkinSilverRS20;dxSkinsdxNavBarPainterRS20;dbxcds;DatasnapConnectorsFreePascal;dxPSCoreRS20;dxSkinOffice2013LightGrayRS20;vcldb;dxPSTeeChartRS20;dxSkinOffice2013WhiteRS20;dxSkinMcSkinRS20;CustomIPTransport;TMSCloudPkgDEDXE6;dsnap;IndyIPServer;dxSkinCoffeeRS20;dxSkinGlassOceansRS20;IndyCore;dxSkinOffice2010SilverRS20;dxComnRS20;CloudService;dxFlowChartRS20;dxSkinOffice2013DarkGrayRS20;FmxTeeUI;FireDACIBDriver;cxTreeListdxBarPopupMenuRS20;dxDBXServerModeRS20;dxSkinOffice2007PinkRS20;dxSkinSpringTimeRS20;dxPsPrVwAdvRS20;dxPScxGridLnkRS20;dxSkiniMaginaryRS20;dxSkinDevExpressDarkStyleRS20;cxSchedulerGridRS20;dxtrmdRS20;dsnapxml;dxSpreadSheetRS20;FireDACDb2Driver;dxSkinMoneyTwinsRS20;ShateM.Components.GridColumnHide;dxSkinOffice2007GreenRS20;dxPScxTLLnkRS20;cxPivotGridOLAPRS20;dxPSdxFCLnkRS20;bindcompfmx;vcldbx;FireDACODBCDriver;RESTBackendComponents;dbrtl;FireDACCommon;bindcomp;inetdb;DBXOdbcDriver;vclFireDAC;cxSpreadSheetRS20;xmlrtl;dxPScxSSLnkRS20;dxSkinOffice2007BlackRS20;FireDACCommonDriver;vclactnband;bindengine;soaprtl;FMXTee;dxGDIPlusRS20;bindcompvcl;vclie;ERP.Package.ComponentsDesign;cxVerticalGridRS20;cxSchedulerRS20;dxSkinBlackRS20;FireDACMSSQLDriver;DBXInformixDriver;dxSkinSummer2008RS20;Intraweb;cxBarEditItemRS20;DataSnapServerMidas;dsnapcon;DBXFirebirdDriver;inet;dxBarRS20;cxDataRS20;dxSkinDarkSideRS20;FireDACMySQLDriver;soapmidas;vclx;dxPScxVGridLnkRS20;dxSkinLondonLiquidSkyRS20;dxCoreRS20;DBXSybaseASADriver;ShateM.Components.FireDACTempTableDesign;RESTComponents;dxPSPrVwRibbonRS20;dbexpress;dxPSLnksRS20;IndyIPClient;dxSpellCheckerRS20;dxBarExtItemsRS20;MDM.Package.ComponentsDesign;dxdbtrRS20;FireDACSqliteDriver;FireDACDSDriver;cxSchedulerRibbonStyleEventEditorRS20;DBXSqliteDriver;fmx;dxSkinVS2010RS20;dxPScxPCProdRS20;IndySystem;dxSkinXmas2008BlueRS20;TeeDB;tethering;inetdbbde;dxTabbedMDIRS20;DataSnapClient;dxmdsRS20;DataSnapProviderClient;DBXSybaseASEDriver;dxdborRS20;dxPSdxDBTVLnkRS20;MetropolisUILiveTile;dxPScxSchedulerLnkRS20;SynEdit_RXE6;dxSkinCaramelRS20;dxSkinLiquidSkyRS20;vcldsnap;dxGaugeControlRS20;dxSkinDevExpressStyleRS20;fmxFireDAC;cxPivotGridChartRS20;DBXDb2Driver;DBXOracleDriver;dxSkinOffice2010BlueRS20;dcldxSkinsCoreRS20;vclribbon;cxExportRS20;dxServerModeRS20;dxSkinscxSchedulerPainterRS20;dxSkinMetropolisDarkRS20;fmxase;vcl;DBXMSSQLDriver;IndyIPCommon;CodeSiteExpressPkg;dxSkinBlueRS20;dxSkinsdxDLPainterRS20;DataSnapFireDAC;FireDACDBXDriver;dxBarExtDBItemsRS20;dxSkinOffice2010BlackRS20;soapserver;dxPSDBTeeChartRS20;inetdbxpress;dxADOServerModeRS20;dxSkinBlueprintRS20;dxSkinFoggyRS20;dxSkinSharpPlusRS20;FireDACInfxDriver;TMSCloudPkgDXE6;cxPivotGridRS20;adortl;dxRibbonRS20;LockBox3DR;FireDACASADriver;dxSkinHighContrastRS20;dxSkinTheAsphaltWorldRS20;dxSkinscxPCPainterRS20;dxBarDBNavRS20;rtl;DbxClientDriver;dxSkinMetropolisRS20;dxNavBarRS20;dxDockingRS20;Tee;dxSkinOffice2007BlueRS20;dxSkinsdxRibbonPainterRS20;ShateM.Components.FireDACTempTable;dxSkinValentineRS20;DataSnapNativeClient;svnui;IndyProtocols;DBXMySQLDriver;dxPScxCommonRS20;dxSkinSevenClassicRS20;dxSkinPumpkinRS20;bindcompdbx;TeeUI;dxSkinDarkRoomRS20;FireDACADSDriver;vcltouch;dxSkinStardustRS20;cxEditorsRS20;dxorgcRS20;dxPSdxDBOCLnkRS20;VclSmp;FireDAC;VCLRESTComponents;dxSkinsCoreRS20;DataSnapConnectors;dxSkinSevenRS20;cxLibraryRS20;fmxobj;dxMapControlRS20;svn;dxWizardControlRS20;dxSkinLilianRS20;FireDACOracleDriver;fmxdae;dxPScxPivotGridLnkRS20;dxSkinWhiteprintRS20;bdertl;dxThemeRS20;dxPSdxOCLnkRS20;cxTreeListRS20;dxTileControlRS20;FireDACMSAccDriver;DataSnapIndy10ServerTransport;$(DCC_UsePackage)</DCC_UsePackage>
        <VerInfo_Locale>1033</VerInfo_Locale>
        <DCC_Namespace>Winapi;System.Win;Data.Win;Datasnap.Win;Web.Win;Soap.Win;Xml.Win;Bde;$(DCC_Namespace)</DCC_Namespace>
        <VerInfo_IncludeVerInfo>true</VerInfo_IncludeVerInfo>
        <Manifest_File>$(BDS)\bin\default_app.manifest</Manifest_File>
    </PropertyGroup>
    <PropertyGroup Condition="'$(Base_Win64)'!=''">
        <DCC_UsePackage>cxSchedulerTreeBrowserRS20;dxSkinOffice2007SilverRS20;cxGridRS20;dxPSdxLCLnkRS20;dxFireDACServerModeRS20;dxPScxExtCommonRS20;cxPageControlRS20;dxPSdxSpreadSheetLnkRS20;FireDACPgDriver;DBXInterBaseDriver;DataSnapServer;DataSnapCommon;dxSkinsdxBarPainterRS20;dxSkinSharpRS20;DbxCommonDriver;dxLayoutControlRS20;vclimg;dxSkinSilverRS20;dxSkinsdxNavBarPainterRS20;dbxcds;DatasnapConnectorsFreePascal;dxPSCoreRS20;dxSkinOffice2013LightGrayRS20;vcldb;dxPSTeeChartRS20;dxSkinOffice2013WhiteRS20;dxSkinMcSkinRS20;CustomIPTransport;dsnap;IndyIPServer;dxSkinCoffeeRS20;dxSkinGlassOceansRS20;IndyCore;dxSkinOffice2010SilverRS20;dxComnRS20;CloudService;dxFlowChartRS20;dxSkinOffice2013DarkGrayRS20;FmxTeeUI;FireDACIBDriver;cxTreeListdxBarPopupMenuRS20;dxDBXServerModeRS20;dxSkinOffice2007PinkRS20;dxSkinSpringTimeRS20;dxPsPrVwAdvRS20;dxPScxGridLnkRS20;dxSkiniMaginaryRS20;dxSkinDevExpressDarkStyleRS20;cxSchedulerGridRS20;dxtrmdRS20;dsnapxml;dxSpreadSheetRS20;FireDACDb2Driver;dxSkinMoneyTwinsRS20;dxSkinOffice2007GreenRS20;dxPScxTLLnkRS20;cxPivotGridOLAPRS20;dxPSdxFCLnkRS20;bindcompfmx;FireDACODBCDriver;RESTBackendComponents;dbrtl;FireDACCommon;bindcomp;inetdb;DBXOdbcDriver;vclFireDAC;cxSpreadSheetRS20;xmlrtl;dxPScxSSLnkRS20;dxSkinOffice2007BlackRS20;FireDACCommonDriver;vclactnband;bindengine;soaprtl;FMXTee;dxGDIPlusRS20;bindcompvcl;vclie;cxVerticalGridRS20;cxSchedulerRS20;dxSkinBlackRS20;FireDACMSSQLDriver;DBXInformixDriver;dxSkinSummer2008RS20;Intraweb;cxBarEditItemRS20;DataSnapServerMidas;dsnapcon;DBXFirebirdDriver;inet;dxBarRS20;cxDataRS20;dxSkinDarkSideRS20;FireDACMySQLDriver;soapmidas;vclx;dxPScxVGridLnkRS20;dxSkinLondonLiquidSkyRS20;dxCoreRS20;DBXSybaseASADriver;RESTComponents;dxPSPrVwRibbonRS20;dbexpress;dxPSLnksRS20;IndyIPClient;dxSpellCheckerRS20;dxBarExtItemsRS20;dxdbtrRS20;FireDACSqliteDriver;FireDACDSDriver;cxSchedulerRibbonStyleEventEditorRS20;DBXSqliteDriver;fmx;dxSkinVS2010RS20;dxPScxPCProdRS20;IndySystem;dxSkinXmas2008BlueRS20;TeeDB;tethering;dxTabbedMDIRS20;DataSnapClient;dxmdsRS20;DataSnapProviderClient;DBXSybaseASEDriver;dxdborRS20;dxPSdxDBTVLnkRS20;MetropolisUILiveTile;dxPScxSchedulerLnkRS20;SynEdit_RXE6;dxSkinCaramelRS20;dxSkinLiquidSkyRS20;vcldsnap;dxGaugeControlRS20;dxSkinDevExpressStyleRS20;fmxFireDAC;cxPivotGridChartRS20;DBXDb2Driver;DBXOracleDriver;dxSkinOffice2010BlueRS20;dcldxSkinsCoreRS20;vclribbon;cxExportRS20;dxServerModeRS20;dxSkinscxSchedulerPainterRS20;dxSkinMetropolisDarkRS20;fmxase;vcl;DBXMSSQLDriver;IndyIPCommon;dxSkinBlueRS20;dxSkinsdxDLPainterRS20;DataSnapFireDAC;FireDACDBXDriver;dxBarExtDBItemsRS20;dxSkinOffice2010BlackRS20;soapserver;dxPSDBTeeChartRS20;inetdbxpress;dxADOServerModeRS20;dxSkinBlueprintRS20;dxSkinFoggyRS20;dxSkinSharpPlusRS20;FireDACInfxDriver;cxPivotGridRS20;adortl;dxRibbonRS20;LockBox3DR;FireDACASADriver;dxSkinHighContrastRS20;dxSkinTheAsphaltWorldRS20;dxSkinscxPCPainterRS20;dxBarDBNavRS20;rtl;DbxClientDriver;dxSkinMetropolisRS20;dxNavBarRS20;dxDockingRS20;Tee;dxSkinOffice2007BlueRS20;dxSkinsdxRibbonPainterRS20;dxSkinValentineRS20;DataSnapNativeClient;IndyProtocols;DBXMySQLDriver;dxPScxCommonRS20;dxSkinSevenClassicRS20;dxSkinPumpkinRS20;bindcompdbx;TeeUI;dxSkinDarkRoomRS20;FireDACADSDriver;vcltouch;dxSkinStardustRS20;cxEditorsRS20;dxorgcRS20;dxPSdxDBOCLnkRS20;VclSmp;FireDAC;VCLRESTComponents;dxSkinsCoreRS20;DataSnapConnectors;dxSkinSevenRS20;cxLibraryRS20;fmxobj;dxMapControlRS20;dxWizardControlRS20;dxSkinLilianRS20;FireDACOracleDriver;fmxdae;dxPScxPivotGridLnkRS20;dxSkinWhiteprintRS20;dxThemeRS20;dxPSdxOCLnkRS20;cxTreeListRS20;dxTileControlRS20;FireDACMSAccDriver;DataSnapIndy10ServerTransport;$(DCC_UsePackage)</DCC_UsePackage>
    </PropertyGroup>
    <PropertyGroup Condition="'$(Cfg_1)'!=''">
        <DCC_Define>DEBUG;TEST;$(DCC_Define)</DCC_Define>
        <DCC_DebugDCUs>true</DCC_DebugDCUs>
        <DCC_Optimize>false</DCC_Optimize>
        <DCC_GenerateStackFrames>true</DCC_GenerateStackFrames>
        <DCC_DebugInfoInExe>true</DCC_DebugInfoInExe>
        <DCC_RemoteDebug>true</DCC_RemoteDebug>
    </PropertyGroup>
    <PropertyGroup Condition="'$(Cfg_1_Win32)'!=''">
        <VerInfo_Locale>1033</VerInfo_Locale>
        <VerInfo_IncludeVerInfo>true</VerInfo_IncludeVerInfo>
        <DCC_RemoteDebug>false</DCC_RemoteDebug>
    </PropertyGroup>
    <PropertyGroup Condition="'$(Cfg_2)'!=''">
        <DCC_LocalDebugSymbols>false</DCC_LocalDebugSymbols>
        <DCC_Define>RELEASE;TEST;$(DCC_Define)</DCC_Define>
        <DCC_SymbolReferenceInfo>0</DCC_SymbolReferenceInfo>
        <DCC_DebugInformation>0</DCC_DebugInformation>
    </PropertyGroup>
    <PropertyGroup Condition="'$(Cfg_2_Win32)'!=''">
        <VerInfo_Locale>1033</VerInfo_Locale>
        <VerInfo_IncludeVerInfo>true</VerInfo_IncludeVerInfo>
    </PropertyGroup>
    <ItemGroup>
        <DelphiCompile Include="$(MainSource)">
            <MainSource>MainSource</MainSource>
        </DelphiCompile>
        <DCCReference Include="Source\UI.MainTest.pas">
            <Form>Form4</Form>
            <FormType>dfm</FormType>
        </DCCReference>
        <DCCReference Include="Source\Logic.WmsRoutingWebServices.pas"/>
        <DCCReference Include="Source\Logic.TOptionsThread.pas"/>
        <DCCReference Include="Source\Logic.InitUnit.pas"/>
        <DCCReference Include="Source\Logic.TXmlMessageRegisterList.pas"/>
        <DCCReference Include="Source\Logic.TXmlResponseRegisterList.pas"/>
        <DCCReference Include="Source\Request\Logic.Request.LoginUser.pas"/>
        <DCCReference Include="Source\Request\Logic.TRequestFactory.pas"/>
        <DCCReference Include="Source\Request\Logic.Request.RegisterPlacement.pas"/>
        <DCCReference Include="Source\Request\Logic.Request.LogoutUser.pas"/>
        <DCCReference Include="Source\Request\Logic.Request.GetExpiredData.pas"/>
        <DCCReference Include="Source\Request\Logic.Request.GetDocPlacement.pas"/>
        <DCCReference Include="Source\Request\Logic.Request.GetDocNumbers.pas"/>
        <DCCReference Include="Source\Request\Logic.Request.GetBinContent.pas"/>
        <DCCReference Include="Source\Request\Logic.Request.TCustomRequest.pas"/>
        <DCCReference Include="Source\Request\Logic.Request.pas"/>
        <DCCReference Include="Source\Logic.TServerThread.pas"/>
        <DCCReference Include="Source\Logic.TMain.pas"/>
        <DCCReference Include="Source\Logic.Options.pas"/>
        <DCCReference Include="Source\Logic.TErrorFactory.pas"/>
        <DCCReference Include="Source\Logic.Session.TSessionFactory.pas"/>
        <DCCReference Include="Source\Logic.TFileLogger.pas"/>
        <DCCReference Include="Source\Xml\XmlMessage\Logic.XmlMessage.TCustomXmlMessage.pas"/>
        <DCCReference Include="Source\Xml\XmlResponse\RegisterPlacement\Logic.XmlResponse.TXmlResponseRegisterPlacement.pas"/>
        <DCCReference Include="Source\Xml\XmlMessage\RegisterPlacement\Logic.XmlMessage.TXmlMessageRegisterPlacement.pas"/>
        <DCCReference Include="Source\Xml\XmlResponse\GetExpiredData\Logic.XmlResponse.TXmlResponseGetExpiredData.pas"/>
        <DCCReference Include="Source\Xml\XmlResponse\LogoutUser\Logic.XmlResponse.TXmlResponseLogoutUser.pas"/>
        <DCCReference Include="Source\Xml\XmlMessage\LogoutUser\Logic.XmlMessage.TXmlMessageLogoutUser.pas"/>
        <DCCReference Include="Source\Xml\XmlMessage\LogoutUser\Logic.XmlMessage.TXmlMessageLogoutUserParams.pas"/>
        <DCCReference Include="Source\Xml\XmlMessage\GetBinContent\Logic.XmlMessage.TXmlMessageGetBinContent.pas"/>
        <DCCReference Include="Source\Xml\XmlResponse\GetBinContent\Logic.XmlResponse.TXmlResponseGetBinContent.pas"/>
        <DCCReference Include="Source\Xml\XmlResponse\GetBinContent\Logic.XmlResponse.TXmlResponseGetBinContentResult.pas"/>
        <DCCReference Include="Source\Xml\XmlMessage\GetBinContent\Logic.XmlMessage.TXmlMessageGetBinContentParams.pas"/>
        <DCCReference Include="Source\Xml\XmlResponse\LoginUser\Logic.XmlResponse.TXmlResponseLoginUserResult.pas"/>
        <DCCReference Include="Source\Logic.Session.TSession.pas"/>
        <DCCReference Include="Source\Xml\XmlResponse\GetDocPlacement\Logic.XmlResponse.TXmlResponseGetDocPlacement.pas"/>
        <DCCReference Include="Source\Xml\XmlResponse\GetDocPlacement\Logic.XmlResponse.TXmlResponseGetDocPlacementResult.pas"/>
        <DCCReference Include="Source\Xml\XmlResponse\Logic.XmlResponse.TCustomXmlResponse.pas"/>
        <DCCReference Include="Source\Xml\XmlResponse\GetDocNumbers\Logic.XmlResponse.TXmlResponseGetDocNumbers.pas"/>
        <DCCReference Include="Source\Xml\XmlResponse\LoginUser\Logic.XmlResponse.TXmlResponseLoginUser.pas"/>
        <DCCReference Include="Source\Xml\XmlMessage\GetDocPlacement\Logic.XmlMessage.TXmlMessageGetDocPlacement.pas"/>
        <DCCReference Include="Source\Xml\XmlMessage\GetDocPlacement\Logic.XmlMessage.TXmlMessageGetDocPlacementParams.pas"/>
        <DCCReference Include="Source\Request\Logic.Request.IRequest.pas"/>
        <DCCReference Include="Source\Xml\XmlMessage\Logic.XmlMessage.TXmlMessageDefault.pas"/>
        <DCCReference Include="Source\Xml\XmlResponse\Logic.XmlResponse.TXmlResponseDefault.pas"/>
        <DCCReference Include="Source\Xml\XmlResponse\GetDocNumbers\Logic.XmlResponse.TXmlResponseGetDocNumbersResult.pas"/>
        <DCCReference Include="Source\Xml\XmlMessage\GetDocNumbers\Logic.XmlMessage.TXmlMessageGetDocNumbers.pas"/>
        <DCCReference Include="Source\Xml\XmlMessage\GetExpiredData\Logic.XmlMessage.TXmlMessageGetExpiredDataParams.pas"/>
        <DCCReference Include="Source\Xml\Logic.Xml.TCustomXmlNode.pas"/>
        <DCCReference Include="Source\Xml\XmlMessage\GetExpiredData\Logic.XmlMessage.TXmlMessageGetExpiredData.pas"/>
        <DCCReference Include="Source\Xml\XmlMessage\LoginUser\Logic.XmlMessage.TXmlMessageLoginUser.pas"/>
        <DCCReference Include="Source\Xml\XmlMessage\LoginUser\Logic.XmlMessage.TXmlMessageLoginUserParams.pas"/>
        <DCCReference Include="Source\Xml\XmlResponse\Logic.XmlResponse.TCustomXmlResponseError.pas"/>
        <DCCReference Include="Source\Xml\Logic.Xml.TCustomXml.pas"/>
        <DCCReference Include="Source\Xml\XmlMessage\Logic.XmlMessage.TCustomXmlMessageParams.pas"/>
        <BuildConfiguration Include="Release">
            <Key>Cfg_2</Key>
            <CfgParent>Base</CfgParent>
        </BuildConfiguration>
        <BuildConfiguration Include="Base">
            <Key>Base</Key>
        </BuildConfiguration>
        <BuildConfiguration Include="Debug">
            <Key>Cfg_1</Key>
            <CfgParent>Base</CfgParent>
        </BuildConfiguration>
    </ItemGroup>
    <ProjectExtensions>
        <Borland.Personality>Delphi.Personality.12</Borland.Personality>
        <Borland.ProjectType/>
        <BorlandProject>
            <Delphi.Personality>
                <Source>
                    <Source Name="MainSource">UnfoldingOfGoodsServerTest.dpr</Source>
                </Source>
                <Excluded_Packages>
                    <Excluded_Packages Name="C:\Users\Public\Documents\Embarcadero\Studio\14.0\Bpl\ShateM.Components.ADOTempTableDesign.bpl">ShateM ADOTemplateTable</Excluded_Packages>
                    <Excluded_Packages Name="$(BDSBIN)\dcloffice2k200.bpl">Microsoft Office 2000 Sample Automation Server Wrapper Components</Excluded_Packages>
                    <Excluded_Packages Name="$(BDSBIN)\dclofficexp200.bpl">Microsoft Office XP Sample Automation Server Wrapper Components</Excluded_Packages>
                </Excluded_Packages>
            </Delphi.Personality>
            <Deployment/>
            <Platforms>
                <Platform value="Win32">True</Platform>
                <Platform value="Win64">False</Platform>
            </Platforms>
        </BorlandProject>
        <ProjectFileVersion>12</ProjectFileVersion>
    </ProjectExtensions>
    <Import Project="$(BDS)\Bin\CodeGear.Delphi.Targets" Condition="Exists('$(BDS)\Bin\CodeGear.Delphi.Targets')"/>
    <Import Project="$(APPDATA)\Embarcadero\$(BDSAPPDATABASEDIR)\$(PRODUCTVERSION)\UserTools.proj" Condition="Exists('$(APPDATA)\Embarcadero\$(BDSAPPDATABASEDIR)\$(PRODUCTVERSION)\UserTools.proj')"/>
</Project>
