<Project xmlns="http://schemas.microsoft.com/developer/msbuild/2003">
    <PropertyGroup>
        <ProjectGuid>{8DCDA241-9976-49CF-9EB4-CCE70A2A0A7F}</ProjectGuid>
        <MainSource>MDM.Package.Classes.dpk</MainSource>
        <Base>True</Base>
        <Config Condition="'$(Config)'==''">Debug ERP</Config>
        <TargetedPlatforms>1</TargetedPlatforms>
        <AppType>Package</AppType>
        <FrameworkType>None</FrameworkType>
        <ProjectVersion>15.4</ProjectVersion>
        <Platform Condition="'$(Platform)'==''">Win32</Platform>
    </PropertyGroup>
    <PropertyGroup Condition="'$(Config)'=='Base' or '$(Base)'!=''">
        <Base>true</Base>
    </PropertyGroup>
    <PropertyGroup Condition="('$(Platform)'=='Win32' and '$(Base)'=='true') or '$(Base_Win32)'!=''">
        <Base_Win32>true</Base_Win32>
        <CfgParent>Base</CfgParent>
        <Base>true</Base>
    </PropertyGroup>
    <PropertyGroup Condition="'$(Config)'=='Debug ERP' or '$(Cfg_1)'!=''">
        <Cfg_1>true</Cfg_1>
        <CfgParent>Base</CfgParent>
        <Base>true</Base>
    </PropertyGroup>
    <PropertyGroup Condition="('$(Platform)'=='Win32' and '$(Cfg_1)'=='true') or '$(Cfg_1_Win32)'!=''">
        <Cfg_1_Win32>true</Cfg_1_Win32>
        <CfgParent>Cfg_1</CfgParent>
        <Cfg_1>true</Cfg_1>
        <Base>true</Base>
    </PropertyGroup>
    <PropertyGroup Condition="'$(Config)'=='Release ERP' or '$(Cfg_2)'!=''">
        <Cfg_2>true</Cfg_2>
        <CfgParent>Base</CfgParent>
        <Base>true</Base>
    </PropertyGroup>
    <PropertyGroup Condition="'$(Base)'!=''">
        <DCC_K>false</DCC_K>
        <SanitizedProjectName>MDM_Package_Classes</SanitizedProjectName>
        <GenPackage>true</GenPackage>
        <DCC_E>false</DCC_E>
        <GenDll>true</GenDll>
        <RuntimeOnlyPackage>true</RuntimeOnlyPackage>
        <VerInfo_Keys>CompanyName=;FileDescription=;FileVersion=1.0.0.0;InternalName=;LegalCopyright=;LegalTrademarks=;OriginalFilename=;ProductName=;ProductVersion=1.0.0.0;Comments=;CFBundleName=</VerInfo_Keys>
        <DCC_N>false</DCC_N>
        <VerInfo_Locale>1049</VerInfo_Locale>
        <DCC_S>false</DCC_S>
        <DCC_F>false</DCC_F>
        <DCC_ImageBase>00400000</DCC_ImageBase>
        <DCC_Namespace>System;Xml;Data;Datasnap;Web;Soap;$(DCC_Namespace)</DCC_Namespace>
    </PropertyGroup>
    <PropertyGroup Condition="'$(Base_Win32)'!=''">
        <DCC_Namespace>Winapi;System.Win;Data.Win;Datasnap.Win;Web.Win;Soap.Win;Xml.Win;Bde;$(DCC_Namespace)</DCC_Namespace>
        <VerInfo_Keys>CompanyName=;FileDescription=;FileVersion=1.0.0.0;InternalName=;LegalCopyright=;LegalTrademarks=;OriginalFilename=;ProductName=;ProductVersion=1.0.0.0;Comments=</VerInfo_Keys>
        <VerInfo_Locale>1033</VerInfo_Locale>
        <VerInfo_IncludeVerInfo>true</VerInfo_IncludeVerInfo>
    </PropertyGroup>
    <Import Project="..\Debug for Core.optset" Condition="'$(Cfg_1)'!='' And Exists('..\Debug for Core.optset')"/>
    <PropertyGroup Condition="'$(Cfg_1)'!=''">
        <CfgDependentOn>..\Debug for Core.optset</CfgDependentOn>
    </PropertyGroup>
    <PropertyGroup Condition="'$(Cfg_1_Win32)'!=''">
        <VerInfo_Locale>1033</VerInfo_Locale>
        <VerInfo_IncludeVerInfo>true</VerInfo_IncludeVerInfo>
        <VerInfo_Keys>CompanyName=;FileDescription=;FileVersion=1.0.0.0;InternalName=;LegalCopyright=;LegalTrademarks=;OriginalFilename=;ProductName=;ProductVersion=1.0.0.0;Comments=</VerInfo_Keys>
    </PropertyGroup>
    <Import Project="..\Release for Core.optset" Condition="'$(Cfg_2)'!='' And Exists('..\Release for Core.optset')"/>
    <PropertyGroup Condition="'$(Cfg_2)'!=''">
        <CfgDependentOn>..\Release for Core.optset</CfgDependentOn>
    </PropertyGroup>
    <ItemGroup>
        <DelphiCompile Include="$(MainSource)">
            <MainSource>MainSource</MainSource>
        </DelphiCompile>
        <DCCReference Include="cxGridRS20.dcp"/>
        <DCCReference Include="ERP.Package.CustomForm.dcp"/>
        <DCCReference Include="ERP.Package.CustomGlobalFunctions.dcp"/>
        <DCCReference Include="MDM.Package.Components.dcp"/>
        <DCCReference Include="ShateM.Components.FireDACTempTable.dcp"/>
        <DCCReference Include="ShateM.Components.CustomTempTable.dcp"/>
        <DCCReference Include="MDM.Package.CustomForm.dcp"/>
        <DCCReference Include="Source\MDM.Package.Classes.TCustomCatalogController.pas"/>
        <DCCReference Include="Source\MDM.Package.Classes.TCatalogCleanController.pas"/>
        <DCCReference Include="Source\MDM.Package.Classes.TCatalogDraftController.pas"/>
        <DCCReference Include="Source\MDM.Package.Classes.TCustomFormDetail.pas"/>
        <DCCReference Include="Source\MDM.Package.Classes.TParserHtml.pas"/>
        <BuildConfiguration Include="Release ERP">
            <Key>Cfg_2</Key>
            <CfgParent>Base</CfgParent>
            <DependentOn>..\Release for Core.optset</DependentOn>
        </BuildConfiguration>
        <BuildConfiguration Include="Base">
            <Key>Base</Key>
        </BuildConfiguration>
        <BuildConfiguration Include="Debug ERP">
            <Key>Cfg_1</Key>
            <CfgParent>Base</CfgParent>
            <DependentOn>..\Debug for Core.optset</DependentOn>
        </BuildConfiguration>
    </ItemGroup>
    <ProjectExtensions>
        <Borland.Personality>Delphi.Personality.12</Borland.Personality>
        <Borland.ProjectType>Package</Borland.ProjectType>
        <BorlandProject>
            <Delphi.Personality>
                <Source>
                    <Source Name="MainSource">MDM.Package.Classes.dpk</Source>
                </Source>
                <Excluded_Packages>
                    <Excluded_Packages Name="$(BDSBIN)\dcloffice2k200.bpl">Microsoft Office 2000 Sample Automation Server Wrapper Components</Excluded_Packages>
                    <Excluded_Packages Name="$(BDSBIN)\dclofficexp200.bpl">Microsoft Office XP Sample Automation Server Wrapper Components</Excluded_Packages>
                </Excluded_Packages>
            </Delphi.Personality>
            <Platforms>
                <Platform value="Win32">True</Platform>
                <Platform value="Win64">False</Platform>
            </Platforms>
        </BorlandProject>
        <ProjectFileVersion>12</ProjectFileVersion>
    </ProjectExtensions>
    <Import Project="$(BDS)\Bin\CodeGear.Delphi.Targets" Condition="Exists('$(BDS)\Bin\CodeGear.Delphi.Targets')"/>
    <Import Project="$(APPDATA)\Embarcadero\$(BDSAPPDATABASEDIR)\$(PRODUCTVERSION)\UserTools.proj" Condition="Exists('$(APPDATA)\Embarcadero\$(BDSAPPDATABASEDIR)\$(PRODUCTVERSION)\UserTools.proj')"/>
</Project>
