
Microsoft Visual Studio Solution File, Format Version 11.00
# Visual Studio 2010
Project("{159641D6-6404-4A2A-AE62-294DE0FE8301}") = "ImportTabel", "ImportTabel.dtproj", "{FAFDA492-3633-4AE1-9841-BD6E877FD181}"
EndProject
Global
	GlobalSection(SolutionConfigurationPlatforms) = preSolution
		Development|Default = Development|Default
	EndGlobalSection
	GlobalSection(ProjectConfigurationPlatforms) = postSolution
		{FAFDA492-3633-4AE1-9841-BD6E877FD181}.Development|Default.ActiveCfg = Development
		{FAFDA492-3633-4AE1-9841-BD6E877FD181}.Development|Default.Build.0 = Development
	EndGlobalSection
	GlobalSection(SolutionProperties) = preSolution
		HideSolutionNode = FALSE
	EndGlobalSection
EndGlobal
