
Microsoft Visual Studio Solution File, Format Version 10.00
# Visual Studio 2008
Project("{8BC9CEB8-8B4A-11D0-8D11-00A0C91BC942}") = "Nav_Export", "Nav_Export\Nav_Export.vcproj", "{E592DBDB-2B69-41AA-8D80-F2D0583C1F22}"
EndProject
Global
	GlobalSection(SolutionConfigurationPlatforms) = preSolution
		Debug|Win32 = Debug|Win32
		Release|Win32 = Release|Win32
	EndGlobalSection
	GlobalSection(ProjectConfigurationPlatforms) = postSolution
		{E592DBDB-2B69-41AA-8D80-F2D0583C1F22}.Debug|Win32.ActiveCfg = Debug|Win32
		{E592DBDB-2B69-41AA-8D80-F2D0583C1F22}.Debug|Win32.Build.0 = Debug|Win32
		{E592DBDB-2B69-41AA-8D80-F2D0583C1F22}.Release|Win32.ActiveCfg = Release|Win32
		{E592DBDB-2B69-41AA-8D80-F2D0583C1F22}.Release|Win32.Build.0 = Release|Win32
	EndGlobalSection
	GlobalSection(SolutionProperties) = preSolution
		HideSolutionNode = FALSE
	EndGlobalSection
EndGlobal
