
Microsoft Visual Studio Solution File, Format Version 10.00
# Visual Studio 2008
Project("{8BC9CEB8-8B4A-11D0-8D11-00A0C91BC942}") = "EI_PriceService", "EI_PriceService\EI_PriceService.vcproj", "{260A9D63-2F64-4B57-9B93-38E7F56109F8}"
EndProject
Global
	GlobalSection(SolutionConfigurationPlatforms) = preSolution
		Debug|Win32 = Debug|Win32
		Release|Win32 = Release|Win32
	EndGlobalSection
	GlobalSection(ProjectConfigurationPlatforms) = postSolution
		{260A9D63-2F64-4B57-9B93-38E7F56109F8}.Debug|Win32.ActiveCfg = Debug|Win32
		{260A9D63-2F64-4B57-9B93-38E7F56109F8}.Debug|Win32.Build.0 = Debug|Win32
		{260A9D63-2F64-4B57-9B93-38E7F56109F8}.Release|Win32.ActiveCfg = Release|Win32
		{260A9D63-2F64-4B57-9B93-38E7F56109F8}.Release|Win32.Build.0 = Release|Win32
	EndGlobalSection
	GlobalSection(SolutionProperties) = preSolution
		HideSolutionNode = FALSE
	EndGlobalSection
EndGlobal
