
Microsoft Visual Studio Solution File, Format Version 10.00
# Visual Studio 2008
Project("{8BC9CEB8-8B4A-11D0-8D11-00A0C91BC942}") = "Nav_Scaner", "Nav_Scaner\Nav_Scaner.vcproj", "{4963B637-B689-4872-99B8-5C705C7E0C3D}"
EndProject
Project("{8BC9CEB8-8B4A-11D0-8D11-00A0C91BC942}") = "Nav_Scaner_Server", "Nav_Scaner_Server\Nav_Scaner_Server.vcproj", "{D16104A5-C818-47E5-8DC5-C3F7BE8C4294}"
EndProject
Project("{8BC9CEB8-8B4A-11D0-8D11-00A0C91BC942}") = "Nav_Scaner_Interface", "Nav_Scaner_Interface\Nav_Scaner_Interface.vcproj", "{A5B98F65-C364-4915-A1A3-35EE89404FC4}"
EndProject
Project("{8BC9CEB8-8B4A-11D0-8D11-00A0C91BC942}") = "Nav_Scaner_Actions", "Nav_Scaner_Actions\Nav_Scaner_Actions.vcproj", "{701C315F-43EF-46FC-B292-A0F40D3000CC}"
EndProject
Project("{8BC9CEB8-8B4A-11D0-8D11-00A0C91BC942}") = "Nav_Scaner_Assembler", "Nav_Scaner_Assembler\Nav_Scaner_Assembler.vcproj", "{06B6E4C4-1DB8-48DC-A443-5F27DD2E469F}"
EndProject
Global
	GlobalSection(SolutionConfigurationPlatforms) = preSolution
		Debug|datalogicWINCE5 (ARMV4I) = Debug|datalogicWINCE5 (ARMV4I)
		Debug|Mixed Platforms = Debug|Mixed Platforms
		Debug|Win32 = Debug|Win32
		Debug|Windows CE 6 SDK (ARMV4I) = Debug|Windows CE 6 SDK (ARMV4I)
		Debug|Windows Mobile 5.0 Pocket PC SDK (ARMV4I) = Debug|Windows Mobile 5.0 Pocket PC SDK (ARMV4I)
		Debug|x64 = Debug|x64
		Release(64)|datalogicWINCE5 (ARMV4I) = Release(64)|datalogicWINCE5 (ARMV4I)
		Release(64)|Mixed Platforms = Release(64)|Mixed Platforms
		Release(64)|Win32 = Release(64)|Win32
		Release(64)|Windows CE 6 SDK (ARMV4I) = Release(64)|Windows CE 6 SDK (ARMV4I)
		Release(64)|Windows Mobile 5.0 Pocket PC SDK (ARMV4I) = Release(64)|Windows Mobile 5.0 Pocket PC SDK (ARMV4I)
		Release(64)|x64 = Release(64)|x64
		Release|datalogicWINCE5 (ARMV4I) = Release|datalogicWINCE5 (ARMV4I)
		Release|Mixed Platforms = Release|Mixed Platforms
		Release|Win32 = Release|Win32
		Release|Windows CE 6 SDK (ARMV4I) = Release|Windows CE 6 SDK (ARMV4I)
		Release|Windows Mobile 5.0 Pocket PC SDK (ARMV4I) = Release|Windows Mobile 5.0 Pocket PC SDK (ARMV4I)
		Release|x64 = Release|x64
	EndGlobalSection
	GlobalSection(ProjectConfigurationPlatforms) = postSolution
		{4963B637-B689-4872-99B8-5C705C7E0C3D}.Debug|datalogicWINCE5 (ARMV4I).ActiveCfg = Debug|Windows Mobile 5.0 Pocket PC SDK (ARMV4I)
		{4963B637-B689-4872-99B8-5C705C7E0C3D}.Debug|Mixed Platforms.ActiveCfg = Debug|Windows CE 6 SDK (ARMV4I)
		{4963B637-B689-4872-99B8-5C705C7E0C3D}.Debug|Mixed Platforms.Build.0 = Debug|Windows CE 6 SDK (ARMV4I)
		{4963B637-B689-4872-99B8-5C705C7E0C3D}.Debug|Mixed Platforms.Deploy.0 = Debug|Windows CE 6 SDK (ARMV4I)
		{4963B637-B689-4872-99B8-5C705C7E0C3D}.Debug|Win32.ActiveCfg = Debug|Win32
		{4963B637-B689-4872-99B8-5C705C7E0C3D}.Debug|Win32.Build.0 = Debug|Win32
		{4963B637-B689-4872-99B8-5C705C7E0C3D}.Debug|Win32.Deploy.0 = Debug|Win32
		{4963B637-B689-4872-99B8-5C705C7E0C3D}.Debug|Windows CE 6 SDK (ARMV4I).ActiveCfg = Debug|Windows CE 6 SDK (ARMV4I)
		{4963B637-B689-4872-99B8-5C705C7E0C3D}.Debug|Windows CE 6 SDK (ARMV4I).Build.0 = Debug|Windows CE 6 SDK (ARMV4I)
		{4963B637-B689-4872-99B8-5C705C7E0C3D}.Debug|Windows CE 6 SDK (ARMV4I).Deploy.0 = Debug|Windows CE 6 SDK (ARMV4I)
		{4963B637-B689-4872-99B8-5C705C7E0C3D}.Debug|Windows Mobile 5.0 Pocket PC SDK (ARMV4I).ActiveCfg = Debug|Windows Mobile 5.0 Pocket PC SDK (ARMV4I)
		{4963B637-B689-4872-99B8-5C705C7E0C3D}.Debug|Windows Mobile 5.0 Pocket PC SDK (ARMV4I).Build.0 = Debug|Windows Mobile 5.0 Pocket PC SDK (ARMV4I)
		{4963B637-B689-4872-99B8-5C705C7E0C3D}.Debug|Windows Mobile 5.0 Pocket PC SDK (ARMV4I).Deploy.0 = Debug|Windows Mobile 5.0 Pocket PC SDK (ARMV4I)
		{4963B637-B689-4872-99B8-5C705C7E0C3D}.Debug|x64.ActiveCfg = Debug|Windows CE 6 SDK (ARMV4I)
		{4963B637-B689-4872-99B8-5C705C7E0C3D}.Release(64)|datalogicWINCE5 (ARMV4I).ActiveCfg = Release(64)|Windows CE 6 SDK (ARMV4I)
		{4963B637-B689-4872-99B8-5C705C7E0C3D}.Release(64)|Mixed Platforms.ActiveCfg = Release(64)|Windows CE 6 SDK (ARMV4I)
		{4963B637-B689-4872-99B8-5C705C7E0C3D}.Release(64)|Mixed Platforms.Build.0 = Release(64)|Windows CE 6 SDK (ARMV4I)
		{4963B637-B689-4872-99B8-5C705C7E0C3D}.Release(64)|Mixed Platforms.Deploy.0 = Release(64)|Windows CE 6 SDK (ARMV4I)
		{4963B637-B689-4872-99B8-5C705C7E0C3D}.Release(64)|Win32.ActiveCfg = Release(64)|Windows CE 6 SDK (ARMV4I)
		{4963B637-B689-4872-99B8-5C705C7E0C3D}.Release(64)|Windows CE 6 SDK (ARMV4I).ActiveCfg = Release(64)|Windows CE 6 SDK (ARMV4I)
		{4963B637-B689-4872-99B8-5C705C7E0C3D}.Release(64)|Windows CE 6 SDK (ARMV4I).Build.0 = Release(64)|Windows CE 6 SDK (ARMV4I)
		{4963B637-B689-4872-99B8-5C705C7E0C3D}.Release(64)|Windows CE 6 SDK (ARMV4I).Deploy.0 = Release(64)|Windows CE 6 SDK (ARMV4I)
		{4963B637-B689-4872-99B8-5C705C7E0C3D}.Release(64)|Windows Mobile 5.0 Pocket PC SDK (ARMV4I).ActiveCfg = Release(64)|Windows Mobile 5.0 Pocket PC SDK (ARMV4I)
		{4963B637-B689-4872-99B8-5C705C7E0C3D}.Release(64)|Windows Mobile 5.0 Pocket PC SDK (ARMV4I).Build.0 = Release(64)|Windows Mobile 5.0 Pocket PC SDK (ARMV4I)
		{4963B637-B689-4872-99B8-5C705C7E0C3D}.Release(64)|Windows Mobile 5.0 Pocket PC SDK (ARMV4I).Deploy.0 = Release(64)|Windows Mobile 5.0 Pocket PC SDK (ARMV4I)
		{4963B637-B689-4872-99B8-5C705C7E0C3D}.Release(64)|x64.ActiveCfg = Release(64)|Windows CE 6 SDK (ARMV4I)
		{4963B637-B689-4872-99B8-5C705C7E0C3D}.Release|datalogicWINCE5 (ARMV4I).ActiveCfg = Release|Windows CE 6 SDK (ARMV4I)
		{4963B637-B689-4872-99B8-5C705C7E0C3D}.Release|Mixed Platforms.ActiveCfg = Release|Windows CE 6 SDK (ARMV4I)
		{4963B637-B689-4872-99B8-5C705C7E0C3D}.Release|Mixed Platforms.Build.0 = Release|Windows CE 6 SDK (ARMV4I)
		{4963B637-B689-4872-99B8-5C705C7E0C3D}.Release|Mixed Platforms.Deploy.0 = Release|Windows CE 6 SDK (ARMV4I)
		{4963B637-B689-4872-99B8-5C705C7E0C3D}.Release|Win32.ActiveCfg = Release|Windows CE 6 SDK (ARMV4I)
		{4963B637-B689-4872-99B8-5C705C7E0C3D}.Release|Windows CE 6 SDK (ARMV4I).ActiveCfg = Release|Windows CE 6 SDK (ARMV4I)
		{4963B637-B689-4872-99B8-5C705C7E0C3D}.Release|Windows CE 6 SDK (ARMV4I).Build.0 = Release|Windows CE 6 SDK (ARMV4I)
		{4963B637-B689-4872-99B8-5C705C7E0C3D}.Release|Windows CE 6 SDK (ARMV4I).Deploy.0 = Release|Windows CE 6 SDK (ARMV4I)
		{4963B637-B689-4872-99B8-5C705C7E0C3D}.Release|Windows Mobile 5.0 Pocket PC SDK (ARMV4I).ActiveCfg = Release|Windows Mobile 5.0 Pocket PC SDK (ARMV4I)
		{4963B637-B689-4872-99B8-5C705C7E0C3D}.Release|Windows Mobile 5.0 Pocket PC SDK (ARMV4I).Build.0 = Release|Windows Mobile 5.0 Pocket PC SDK (ARMV4I)
		{4963B637-B689-4872-99B8-5C705C7E0C3D}.Release|Windows Mobile 5.0 Pocket PC SDK (ARMV4I).Deploy.0 = Release|Windows Mobile 5.0 Pocket PC SDK (ARMV4I)
		{4963B637-B689-4872-99B8-5C705C7E0C3D}.Release|x64.ActiveCfg = Release|Windows CE 6 SDK (ARMV4I)
		{D16104A5-C818-47E5-8DC5-C3F7BE8C4294}.Debug|datalogicWINCE5 (ARMV4I).ActiveCfg = Debug|x64
		{D16104A5-C818-47E5-8DC5-C3F7BE8C4294}.Debug|Mixed Platforms.ActiveCfg = Debug|Win32
		{D16104A5-C818-47E5-8DC5-C3F7BE8C4294}.Debug|Mixed Platforms.Build.0 = Debug|Win32
		{D16104A5-C818-47E5-8DC5-C3F7BE8C4294}.Debug|Win32.ActiveCfg = Debug|Win32
		{D16104A5-C818-47E5-8DC5-C3F7BE8C4294}.Debug|Win32.Build.0 = Debug|Win32
		{D16104A5-C818-47E5-8DC5-C3F7BE8C4294}.Debug|Windows CE 6 SDK (ARMV4I).ActiveCfg = Debug|Win32
		{D16104A5-C818-47E5-8DC5-C3F7BE8C4294}.Debug|Windows Mobile 5.0 Pocket PC SDK (ARMV4I).ActiveCfg = Debug|Win32
		{D16104A5-C818-47E5-8DC5-C3F7BE8C4294}.Debug|x64.ActiveCfg = Debug|x64
		{D16104A5-C818-47E5-8DC5-C3F7BE8C4294}.Debug|x64.Build.0 = Debug|x64
		{D16104A5-C818-47E5-8DC5-C3F7BE8C4294}.Release(64)|datalogicWINCE5 (ARMV4I).ActiveCfg = Release(64)|x64
		{D16104A5-C818-47E5-8DC5-C3F7BE8C4294}.Release(64)|Mixed Platforms.ActiveCfg = Release(64)|Win32
		{D16104A5-C818-47E5-8DC5-C3F7BE8C4294}.Release(64)|Mixed Platforms.Build.0 = Release(64)|Win32
		{D16104A5-C818-47E5-8DC5-C3F7BE8C4294}.Release(64)|Win32.ActiveCfg = Release(64)|Win32
		{D16104A5-C818-47E5-8DC5-C3F7BE8C4294}.Release(64)|Win32.Build.0 = Release(64)|Win32
		{D16104A5-C818-47E5-8DC5-C3F7BE8C4294}.Release(64)|Windows CE 6 SDK (ARMV4I).ActiveCfg = Release(64)|Win32
		{D16104A5-C818-47E5-8DC5-C3F7BE8C4294}.Release(64)|Windows Mobile 5.0 Pocket PC SDK (ARMV4I).ActiveCfg = Release(64)|Win32
		{D16104A5-C818-47E5-8DC5-C3F7BE8C4294}.Release(64)|x64.ActiveCfg = Release(64)|x64
		{D16104A5-C818-47E5-8DC5-C3F7BE8C4294}.Release(64)|x64.Build.0 = Release(64)|x64
		{D16104A5-C818-47E5-8DC5-C3F7BE8C4294}.Release|datalogicWINCE5 (ARMV4I).ActiveCfg = Release|x64
		{D16104A5-C818-47E5-8DC5-C3F7BE8C4294}.Release|Mixed Platforms.ActiveCfg = Release|Win32
		{D16104A5-C818-47E5-8DC5-C3F7BE8C4294}.Release|Mixed Platforms.Build.0 = Release|Win32
		{D16104A5-C818-47E5-8DC5-C3F7BE8C4294}.Release|Win32.ActiveCfg = Release|Win32
		{D16104A5-C818-47E5-8DC5-C3F7BE8C4294}.Release|Win32.Build.0 = Release|Win32
		{D16104A5-C818-47E5-8DC5-C3F7BE8C4294}.Release|Windows CE 6 SDK (ARMV4I).ActiveCfg = Release|Win32
		{D16104A5-C818-47E5-8DC5-C3F7BE8C4294}.Release|Windows Mobile 5.0 Pocket PC SDK (ARMV4I).ActiveCfg = Release|Win32
		{D16104A5-C818-47E5-8DC5-C3F7BE8C4294}.Release|x64.ActiveCfg = Release|x64
		{D16104A5-C818-47E5-8DC5-C3F7BE8C4294}.Release|x64.Build.0 = Release|x64
		{A5B98F65-C364-4915-A1A3-35EE89404FC4}.Debug|datalogicWINCE5 (ARMV4I).ActiveCfg = Debug|Win32
		{A5B98F65-C364-4915-A1A3-35EE89404FC4}.Debug|Mixed Platforms.ActiveCfg = Debug|Win32
		{A5B98F65-C364-4915-A1A3-35EE89404FC4}.Debug|Mixed Platforms.Build.0 = Debug|Win32
		{A5B98F65-C364-4915-A1A3-35EE89404FC4}.Debug|Win32.ActiveCfg = Debug|Win32
		{A5B98F65-C364-4915-A1A3-35EE89404FC4}.Debug|Win32.Build.0 = Debug|Win32
		{A5B98F65-C364-4915-A1A3-35EE89404FC4}.Debug|Windows CE 6 SDK (ARMV4I).ActiveCfg = Debug|Win32
		{A5B98F65-C364-4915-A1A3-35EE89404FC4}.Debug|Windows Mobile 5.0 Pocket PC SDK (ARMV4I).ActiveCfg = Debug|Win32
		{A5B98F65-C364-4915-A1A3-35EE89404FC4}.Debug|x64.ActiveCfg = Debug|Win32
		{A5B98F65-C364-4915-A1A3-35EE89404FC4}.Release(64)|datalogicWINCE5 (ARMV4I).ActiveCfg = Release(64)|Win32
		{A5B98F65-C364-4915-A1A3-35EE89404FC4}.Release(64)|Mixed Platforms.ActiveCfg = Release(64)|Win32
		{A5B98F65-C364-4915-A1A3-35EE89404FC4}.Release(64)|Mixed Platforms.Build.0 = Release(64)|Win32
		{A5B98F65-C364-4915-A1A3-35EE89404FC4}.Release(64)|Win32.ActiveCfg = Release(64)|Win32
		{A5B98F65-C364-4915-A1A3-35EE89404FC4}.Release(64)|Win32.Build.0 = Release(64)|Win32
		{A5B98F65-C364-4915-A1A3-35EE89404FC4}.Release(64)|Windows CE 6 SDK (ARMV4I).ActiveCfg = Release(64)|Win32
		{A5B98F65-C364-4915-A1A3-35EE89404FC4}.Release(64)|Windows Mobile 5.0 Pocket PC SDK (ARMV4I).ActiveCfg = Release(64)|Win32
		{A5B98F65-C364-4915-A1A3-35EE89404FC4}.Release(64)|x64.ActiveCfg = Release(64)|Win32
		{A5B98F65-C364-4915-A1A3-35EE89404FC4}.Release|datalogicWINCE5 (ARMV4I).ActiveCfg = Release|Win32
		{A5B98F65-C364-4915-A1A3-35EE89404FC4}.Release|Mixed Platforms.ActiveCfg = Release|Win32
		{A5B98F65-C364-4915-A1A3-35EE89404FC4}.Release|Mixed Platforms.Build.0 = Release|Win32
		{A5B98F65-C364-4915-A1A3-35EE89404FC4}.Release|Win32.ActiveCfg = Release|Win32
		{A5B98F65-C364-4915-A1A3-35EE89404FC4}.Release|Win32.Build.0 = Release|Win32
		{A5B98F65-C364-4915-A1A3-35EE89404FC4}.Release|Windows CE 6 SDK (ARMV4I).ActiveCfg = Release|Win32
		{A5B98F65-C364-4915-A1A3-35EE89404FC4}.Release|Windows Mobile 5.0 Pocket PC SDK (ARMV4I).ActiveCfg = Release|Win32
		{A5B98F65-C364-4915-A1A3-35EE89404FC4}.Release|x64.ActiveCfg = Release|Win32
		{701C315F-43EF-46FC-B292-A0F40D3000CC}.Debug|datalogicWINCE5 (ARMV4I).ActiveCfg = Debug|Win32
		{701C315F-43EF-46FC-B292-A0F40D3000CC}.Debug|Mixed Platforms.ActiveCfg = Debug|Win32
		{701C315F-43EF-46FC-B292-A0F40D3000CC}.Debug|Mixed Platforms.Build.0 = Debug|Win32
		{701C315F-43EF-46FC-B292-A0F40D3000CC}.Debug|Win32.ActiveCfg = Debug|Win32
		{701C315F-43EF-46FC-B292-A0F40D3000CC}.Debug|Win32.Build.0 = Debug|Win32
		{701C315F-43EF-46FC-B292-A0F40D3000CC}.Debug|Windows CE 6 SDK (ARMV4I).ActiveCfg = Debug|Win32
		{701C315F-43EF-46FC-B292-A0F40D3000CC}.Debug|Windows Mobile 5.0 Pocket PC SDK (ARMV4I).ActiveCfg = Debug|Win32
		{701C315F-43EF-46FC-B292-A0F40D3000CC}.Debug|x64.ActiveCfg = Debug|Win32
		{701C315F-43EF-46FC-B292-A0F40D3000CC}.Release(64)|datalogicWINCE5 (ARMV4I).ActiveCfg = Release|Win32
		{701C315F-43EF-46FC-B292-A0F40D3000CC}.Release(64)|Mixed Platforms.ActiveCfg = Release|Win32
		{701C315F-43EF-46FC-B292-A0F40D3000CC}.Release(64)|Mixed Platforms.Build.0 = Release|Win32
		{701C315F-43EF-46FC-B292-A0F40D3000CC}.Release(64)|Win32.ActiveCfg = Release|Win32
		{701C315F-43EF-46FC-B292-A0F40D3000CC}.Release(64)|Win32.Build.0 = Release|Win32
		{701C315F-43EF-46FC-B292-A0F40D3000CC}.Release(64)|Windows CE 6 SDK (ARMV4I).ActiveCfg = Release|Win32
		{701C315F-43EF-46FC-B292-A0F40D3000CC}.Release(64)|Windows Mobile 5.0 Pocket PC SDK (ARMV4I).ActiveCfg = Release|Win32
		{701C315F-43EF-46FC-B292-A0F40D3000CC}.Release(64)|x64.ActiveCfg = Release|Win32
		{701C315F-43EF-46FC-B292-A0F40D3000CC}.Release|datalogicWINCE5 (ARMV4I).ActiveCfg = Release|Win32
		{701C315F-43EF-46FC-B292-A0F40D3000CC}.Release|Mixed Platforms.ActiveCfg = Release|Win32
		{701C315F-43EF-46FC-B292-A0F40D3000CC}.Release|Mixed Platforms.Build.0 = Release|Win32
		{701C315F-43EF-46FC-B292-A0F40D3000CC}.Release|Win32.ActiveCfg = Release|Win32
		{701C315F-43EF-46FC-B292-A0F40D3000CC}.Release|Win32.Build.0 = Release|Win32
		{701C315F-43EF-46FC-B292-A0F40D3000CC}.Release|Windows CE 6 SDK (ARMV4I).ActiveCfg = Release|Win32
		{701C315F-43EF-46FC-B292-A0F40D3000CC}.Release|Windows Mobile 5.0 Pocket PC SDK (ARMV4I).ActiveCfg = Release|Win32
		{701C315F-43EF-46FC-B292-A0F40D3000CC}.Release|x64.ActiveCfg = Release|Win32
		{06B6E4C4-1DB8-48DC-A443-5F27DD2E469F}.Debug|datalogicWINCE5 (ARMV4I).ActiveCfg = Debug|datalogicWINCE5 (ARMV4I)
		{06B6E4C4-1DB8-48DC-A443-5F27DD2E469F}.Debug|datalogicWINCE5 (ARMV4I).Build.0 = Debug|datalogicWINCE5 (ARMV4I)
		{06B6E4C4-1DB8-48DC-A443-5F27DD2E469F}.Debug|datalogicWINCE5 (ARMV4I).Deploy.0 = Debug|datalogicWINCE5 (ARMV4I)
		{06B6E4C4-1DB8-48DC-A443-5F27DD2E469F}.Debug|Mixed Platforms.ActiveCfg = Debug|datalogicWINCE5 (ARMV4I)
		{06B6E4C4-1DB8-48DC-A443-5F27DD2E469F}.Debug|Mixed Platforms.Build.0 = Debug|datalogicWINCE5 (ARMV4I)
		{06B6E4C4-1DB8-48DC-A443-5F27DD2E469F}.Debug|Mixed Platforms.Deploy.0 = Debug|datalogicWINCE5 (ARMV4I)
		{06B6E4C4-1DB8-48DC-A443-5F27DD2E469F}.Debug|Win32.ActiveCfg = Debug|datalogicWINCE5 (ARMV4I)
		{06B6E4C4-1DB8-48DC-A443-5F27DD2E469F}.Debug|Windows CE 6 SDK (ARMV4I).ActiveCfg = Debug|datalogicWINCE5 (ARMV4I)
		{06B6E4C4-1DB8-48DC-A443-5F27DD2E469F}.Debug|Windows Mobile 5.0 Pocket PC SDK (ARMV4I).ActiveCfg = Debug|datalogicWINCE5 (ARMV4I)
		{06B6E4C4-1DB8-48DC-A443-5F27DD2E469F}.Debug|x64.ActiveCfg = Debug|datalogicWINCE5 (ARMV4I)
		{06B6E4C4-1DB8-48DC-A443-5F27DD2E469F}.Release(64)|datalogicWINCE5 (ARMV4I).ActiveCfg = Release|datalogicWINCE5 (ARMV4I)
		{06B6E4C4-1DB8-48DC-A443-5F27DD2E469F}.Release(64)|datalogicWINCE5 (ARMV4I).Build.0 = Release|datalogicWINCE5 (ARMV4I)
		{06B6E4C4-1DB8-48DC-A443-5F27DD2E469F}.Release(64)|datalogicWINCE5 (ARMV4I).Deploy.0 = Release|datalogicWINCE5 (ARMV4I)
		{06B6E4C4-1DB8-48DC-A443-5F27DD2E469F}.Release(64)|Mixed Platforms.ActiveCfg = Release|datalogicWINCE5 (ARMV4I)
		{06B6E4C4-1DB8-48DC-A443-5F27DD2E469F}.Release(64)|Mixed Platforms.Build.0 = Release|datalogicWINCE5 (ARMV4I)
		{06B6E4C4-1DB8-48DC-A443-5F27DD2E469F}.Release(64)|Mixed Platforms.Deploy.0 = Release|datalogicWINCE5 (ARMV4I)
		{06B6E4C4-1DB8-48DC-A443-5F27DD2E469F}.Release(64)|Win32.ActiveCfg = Release|datalogicWINCE5 (ARMV4I)
		{06B6E4C4-1DB8-48DC-A443-5F27DD2E469F}.Release(64)|Windows CE 6 SDK (ARMV4I).ActiveCfg = Release|datalogicWINCE5 (ARMV4I)
		{06B6E4C4-1DB8-48DC-A443-5F27DD2E469F}.Release(64)|Windows Mobile 5.0 Pocket PC SDK (ARMV4I).ActiveCfg = Release|datalogicWINCE5 (ARMV4I)
		{06B6E4C4-1DB8-48DC-A443-5F27DD2E469F}.Release(64)|x64.ActiveCfg = Release|datalogicWINCE5 (ARMV4I)
		{06B6E4C4-1DB8-48DC-A443-5F27DD2E469F}.Release|datalogicWINCE5 (ARMV4I).ActiveCfg = Release|datalogicWINCE5 (ARMV4I)
		{06B6E4C4-1DB8-48DC-A443-5F27DD2E469F}.Release|datalogicWINCE5 (ARMV4I).Build.0 = Release|datalogicWINCE5 (ARMV4I)
		{06B6E4C4-1DB8-48DC-A443-5F27DD2E469F}.Release|datalogicWINCE5 (ARMV4I).Deploy.0 = Release|datalogicWINCE5 (ARMV4I)
		{06B6E4C4-1DB8-48DC-A443-5F27DD2E469F}.Release|Mixed Platforms.ActiveCfg = Release|datalogicWINCE5 (ARMV4I)
		{06B6E4C4-1DB8-48DC-A443-5F27DD2E469F}.Release|Mixed Platforms.Build.0 = Release|datalogicWINCE5 (ARMV4I)
		{06B6E4C4-1DB8-48DC-A443-5F27DD2E469F}.Release|Mixed Platforms.Deploy.0 = Release|datalogicWINCE5 (ARMV4I)
		{06B6E4C4-1DB8-48DC-A443-5F27DD2E469F}.Release|Win32.ActiveCfg = Release|datalogicWINCE5 (ARMV4I)
		{06B6E4C4-1DB8-48DC-A443-5F27DD2E469F}.Release|Windows CE 6 SDK (ARMV4I).ActiveCfg = Release|datalogicWINCE5 (ARMV4I)
		{06B6E4C4-1DB8-48DC-A443-5F27DD2E469F}.Release|Windows Mobile 5.0 Pocket PC SDK (ARMV4I).ActiveCfg = Release|datalogicWINCE5 (ARMV4I)
		{06B6E4C4-1DB8-48DC-A443-5F27DD2E469F}.Release|x64.ActiveCfg = Release|datalogicWINCE5 (ARMV4I)
	EndGlobalSection
	GlobalSection(SolutionProperties) = preSolution
		HideSolutionNode = FALSE
	EndGlobalSection
EndGlobal
